
Microsoft Visual Studio Solution File, Format Version 12.00
# Visual Studio Version 16
VisualStudioVersion = 16.0.31702.278
MinimumVisualStudioVersion = 10.0.40219.1
Project("{FAE04EC0-301F-11D3-BF4B-00C04F79EFBC}") = "Задание 22", "Задание 22\Задание 22.csproj", "{1871904F-7557-4457-940E-2FEBEF819889}"
EndProject
Global
	GlobalSection(SolutionConfigurationPlatforms) = preSolution
		Debug|Any CPU = Debug|Any CPU
		Release|Any CPU = Release|Any CPU
	EndGlobalSection
	GlobalSection(ProjectConfigurationPlatforms) = postSolution
		{1871904F-7557-4457-940E-2FEBEF819889}.Debug|Any CPU.ActiveCfg = Debug|Any CPU
		{1871904F-7557-4457-940E-2FEBEF819889}.Debug|Any CPU.Build.0 = Debug|Any CPU
		{1871904F-7557-4457-940E-2FEBEF819889}.Release|Any CPU.ActiveCfg = Release|Any CPU
		{1871904F-7557-4457-940E-2FEBEF819889}.Release|Any CPU.Build.0 = Release|Any CPU
	EndGlobalSection
	GlobalSection(SolutionProperties) = preSolution
		HideSolutionNode = FALSE
	EndGlobalSection
	GlobalSection(ExtensibilityGlobals) = postSolution
		SolutionGuid = {34B77DF9-1033-4084-9FA4-7BECBB03B954}
	EndGlobalSection
EndGlobal
